// !$*UTF8*$!
{
	archiveVersion = 1;
	classes = {
	};
	objectVersion = 46;
	objects = {

/* Begin PBXBuildFile section */
		5CE3B73F1ACBA2FA00A1D099 /* main.m in Sources */ = {isa = PBXBuildFile; fileRef = 5CE3B73E1ACBA2FA00A1D099 /* main.m */; };
		5CE3B7421ACBA2FA00A1D099 /* AppDelegate.m in Sources */ = {isa = PBXBuildFile; fileRef = 5CE3B7411ACBA2FA00A1D099 /* AppDelegate.m */; };
		5CE3B7451ACBA2FA00A1D099 /* HSCatalogTableViewController.m in Sources */ = {isa = PBXBuildFile; fileRef = 5CE3B7441ACBA2FA00A1D099 /* HSCatalogTableViewController.m */; };
		5CE3B7481ACBA2FA00A1D099 /* Main.storyboard in Resources */ = {isa = PBXBuildFile; fileRef = 5CE3B7461ACBA2FA00A1D099 /* Main.storyboard */; };
		5CE3B74A1ACBA2FA00A1D099 /* Images.xcassets in Resources */ = {isa = PBXBuildFile; fileRef = 5CE3B7491ACBA2FA00A1D099 /* Images.xcassets */; };
		5CE3B74D1ACBA2FA00A1D099 /* LaunchScreen.xib in Resources */ = {isa = PBXBuildFile; fileRef = 5CE3B74B1ACBA2FA00A1D099 /* LaunchScreen.xib */; };
		5CE3B7591ACBA2FA00A1D099 /* SalidoInterviewQuestionTests.m in Sources */ = {isa = PBXBuildFile; fileRef = 5CE3B7581ACBA2FA00A1D099 /* SalidoInterviewQuestionTests.m */; };
		5CE3B7641ACBAAD800A1D099 /* HSCatalogDataSource.m in Sources */ = {isa = PBXBuildFile; fileRef = 5CE3B7631ACBAAD800A1D099 /* HSCatalogDataSource.m */; };
		5CE3B8671ACCA1A600A1D099 /* HSTableViewDelegate.m in Sources */ = {isa = PBXBuildFile; fileRef = 5CE3B8661ACCA1A600A1D099 /* HSTableViewDelegate.m */; };
		5CE3B86A1ACCA25500A1D099 /* HSCatalogTableViewCell.m in Sources */ = {isa = PBXBuildFile; fileRef = 5CE3B8691ACCA25500A1D099 /* HSCatalogTableViewCell.m */; };
		5CE3B86D1ACCA27A00A1D099 /* HSCatalogTableViewCell+ConfigureCell.m in Sources */ = {isa = PBXBuildFile; fileRef = 5CE3B86C1ACCA27A00A1D099 /* HSCatalogTableViewCell+ConfigureCell.m */; };
		5CE3B8711ACCA2D700A1D099 /* CatalogItem.m in Sources */ = {isa = PBXBuildFile; fileRef = 5CE3B8701ACCA2D700A1D099 /* CatalogItem.m */; };
		5CE3B87A1ACCA54900A1D099 /* DetailViewController.m in Sources */ = {isa = PBXBuildFile; fileRef = 5CE3B8791ACCA54900A1D099 /* DetailViewController.m */; };
		5CE3B87D1ACCA96600A1D099 /* Store.m in Sources */ = {isa = PBXBuildFile; fileRef = 5CE3B87C1ACCA96600A1D099 /* Store.m */; };
		5CE3B8A81ACCB76600A1D099 /* AFHTTPRequestOperation.m in Sources */ = {isa = PBXBuildFile; fileRef = 5CE3B8841ACCB76600A1D099 /* AFHTTPRequestOperation.m */; };
		5CE3B8A91ACCB76600A1D099 /* AFHTTPRequestOperationManager.m in Sources */ = {isa = PBXBuildFile; fileRef = 5CE3B8861ACCB76600A1D099 /* AFHTTPRequestOperationManager.m */; };
		5CE3B8AA1ACCB76600A1D099 /* AFHTTPSessionManager.m in Sources */ = {isa = PBXBuildFile; fileRef = 5CE3B8881ACCB76600A1D099 /* AFHTTPSessionManager.m */; };
		5CE3B8AB1ACCB76600A1D099 /* AFNetworkReachabilityManager.m in Sources */ = {isa = PBXBuildFile; fileRef = 5CE3B88B1ACCB76600A1D099 /* AFNetworkReachabilityManager.m */; };
		5CE3B8AC1ACCB76600A1D099 /* AFSecurityPolicy.m in Sources */ = {isa = PBXBuildFile; fileRef = 5CE3B88D1ACCB76600A1D099 /* AFSecurityPolicy.m */; };
		5CE3B8AD1ACCB76600A1D099 /* AFURLConnectionOperation.m in Sources */ = {isa = PBXBuildFile; fileRef = 5CE3B88F1ACCB76600A1D099 /* AFURLConnectionOperation.m */; };
		5CE3B8AE1ACCB76600A1D099 /* AFURLRequestSerialization.m in Sources */ = {isa = PBXBuildFile; fileRef = 5CE3B8911ACCB76600A1D099 /* AFURLRequestSerialization.m */; };
		5CE3B8AF1ACCB76600A1D099 /* AFURLResponseSerialization.m in Sources */ = {isa = PBXBuildFile; fileRef = 5CE3B8931ACCB76600A1D099 /* AFURLResponseSerialization.m */; };
		5CE3B8B01ACCB76600A1D099 /* AFURLSessionManager.m in Sources */ = {isa = PBXBuildFile; fileRef = 5CE3B8951ACCB76600A1D099 /* AFURLSessionManager.m */; };
		5CE3B8B11ACCB76600A1D099 /* AFNetworkActivityIndicatorManager.m in Sources */ = {isa = PBXBuildFile; fileRef = 5CE3B8981ACCB76600A1D099 /* AFNetworkActivityIndicatorManager.m */; };
		5CE3B8B21ACCB76600A1D099 /* UIActivityIndicatorView+AFNetworking.m in Sources */ = {isa = PBXBuildFile; fileRef = 5CE3B89A1ACCB76600A1D099 /* UIActivityIndicatorView+AFNetworking.m */; };
		5CE3B8B31ACCB76600A1D099 /* UIAlertView+AFNetworking.m in Sources */ = {isa = PBXBuildFile; fileRef = 5CE3B89C1ACCB76600A1D099 /* UIAlertView+AFNetworking.m */; };
		5CE3B8B41ACCB76600A1D099 /* UIButton+AFNetworking.m in Sources */ = {isa = PBXBuildFile; fileRef = 5CE3B89E1ACCB76600A1D099 /* UIButton+AFNetworking.m */; };
		5CE3B8B51ACCB76600A1D099 /* UIImageView+AFNetworking.m in Sources */ = {isa = PBXBuildFile; fileRef = 5CE3B8A01ACCB76600A1D099 /* UIImageView+AFNetworking.m */; };
		5CE3B8B61ACCB76600A1D099 /* UIProgressView+AFNetworking.m in Sources */ = {isa = PBXBuildFile; fileRef = 5CE3B8A31ACCB76600A1D099 /* UIProgressView+AFNetworking.m */; };
		5CE3B8B71ACCB76600A1D099 /* UIRefreshControl+AFNetworking.m in Sources */ = {isa = PBXBuildFile; fileRef = 5CE3B8A51ACCB76600A1D099 /* UIRefreshControl+AFNetworking.m */; };
		5CE3B8B81ACCB76600A1D099 /* UIWebView+AFNetworking.m in Sources */ = {isa = PBXBuildFile; fileRef = 5CE3B8A71ACCB76600A1D099 /* UIWebView+AFNetworking.m */; };
/* End PBXBuildFile section */

/* Begin PBXContainerItemProxy section */
		5CE3B7531ACBA2FA00A1D099 /* PBXContainerItemProxy */ = {
			isa = PBXContainerItemProxy;
			containerPortal = 5CE3B7311ACBA2FA00A1D099 /* Project object */;
			proxyType = 1;
			remoteGlobalIDString = 5CE3B7381ACBA2FA00A1D099;
			remoteInfo = SalidoInterviewQuestion;
		};
/* End PBXContainerItemProxy section */

/* Begin PBXFileReference section */
		5CE3B7391ACBA2FA00A1D099 /* SalidoInterviewQuestion.app */ = {isa = PBXFileReference; explicitFileType = wrapper.application; includeInIndex = 0; path = SalidoInterviewQuestion.app; sourceTree = BUILT_PRODUCTS_DIR; };
		5CE3B73D1ACBA2FA00A1D099 /* Info.plist */ = {isa = PBXFileReference; lastKnownFileType = text.plist.xml; path = Info.plist; sourceTree = "<group>"; };
		5CE3B73E1ACBA2FA00A1D099 /* main.m */ = {isa = PBXFileReference; lastKnownFileType = sourcecode.c.objc; path = main.m; sourceTree = "<group>"; };
		5CE3B7401ACBA2FA00A1D099 /* AppDelegate.h */ = {isa = PBXFileReference; lastKnownFileType = sourcecode.c.h; path = AppDelegate.h; sourceTree = "<group>"; };
		5CE3B7411ACBA2FA00A1D099 /* AppDelegate.m */ = {isa = PBXFileReference; lastKnownFileType = sourcecode.c.objc; path = AppDelegate.m; sourceTree = "<group>"; };
		5CE3B7431ACBA2FA00A1D099 /* HSCatalogTableViewController.h */ = {isa = PBXFileReference; lastKnownFileType = sourcecode.c.h; path = HSCatalogTableViewController.h; sourceTree = "<group>"; };
		5CE3B7441ACBA2FA00A1D099 /* HSCatalogTableViewController.m */ = {isa = PBXFileReference; lastKnownFileType = sourcecode.c.objc; path = HSCatalogTableViewController.m; sourceTree = "<group>"; };
		5CE3B7471ACBA2FA00A1D099 /* Base */ = {isa = PBXFileReference; lastKnownFileType = file.storyboard; name = Base; path = Base.lproj/Main.storyboard; sourceTree = "<group>"; };
		5CE3B7491ACBA2FA00A1D099 /* Images.xcassets */ = {isa = PBXFileReference; lastKnownFileType = folder.assetcatalog; path = Images.xcassets; sourceTree = "<group>"; };
		5CE3B74C1ACBA2FA00A1D099 /* Base */ = {isa = PBXFileReference; lastKnownFileType = file.xib; name = Base; path = Base.lproj/LaunchScreen.xib; sourceTree = "<group>"; };
		5CE3B7521ACBA2FA00A1D099 /* SalidoInterviewQuestionTests.xctest */ = {isa = PBXFileReference; explicitFileType = wrapper.cfbundle; includeInIndex = 0; path = SalidoInterviewQuestionTests.xctest; sourceTree = BUILT_PRODUCTS_DIR; };
		5CE3B7571ACBA2FA00A1D099 /* Info.plist */ = {isa = PBXFileReference; lastKnownFileType = text.plist.xml; path = Info.plist; sourceTree = "<group>"; };
		5CE3B7581ACBA2FA00A1D099 /* SalidoInterviewQuestionTests.m */ = {isa = PBXFileReference; lastKnownFileType = sourcecode.c.objc; path = SalidoInterviewQuestionTests.m; sourceTree = "<group>"; };
		5CE3B7621ACBAAD800A1D099 /* HSCatalogDataSource.h */ = {isa = PBXFileReference; fileEncoding = 4; lastKnownFileType = sourcecode.c.h; path = HSCatalogDataSource.h; sourceTree = "<group>"; };
		5CE3B7631ACBAAD800A1D099 /* HSCatalogDataSource.m */ = {isa = PBXFileReference; fileEncoding = 4; lastKnownFileType = sourcecode.c.objc; path = HSCatalogDataSource.m; sourceTree = "<group>"; };
		5CE3B8651ACCA1A600A1D099 /* HSTableViewDelegate.h */ = {isa = PBXFileReference; fileEncoding = 4; lastKnownFileType = sourcecode.c.h; path = HSTableViewDelegate.h; sourceTree = "<group>"; };
		5CE3B8661ACCA1A600A1D099 /* HSTableViewDelegate.m */ = {isa = PBXFileReference; fileEncoding = 4; lastKnownFileType = sourcecode.c.objc; path = HSTableViewDelegate.m; sourceTree = "<group>"; };
		5CE3B8681ACCA25500A1D099 /* HSCatalogTableViewCell.h */ = {isa = PBXFileReference; fileEncoding = 4; lastKnownFileType = sourcecode.c.h; path = HSCatalogTableViewCell.h; sourceTree = "<group>"; };
		5CE3B8691ACCA25500A1D099 /* HSCatalogTableViewCell.m */ = {isa = PBXFileReference; fileEncoding = 4; lastKnownFileType = sourcecode.c.objc; path = HSCatalogTableViewCell.m; sourceTree = "<group>"; };
		5CE3B86B1ACCA27A00A1D099 /* HSCatalogTableViewCell+ConfigureCell.h */ = {isa = PBXFileReference; fileEncoding = 4; lastKnownFileType = sourcecode.c.h; path = "HSCatalogTableViewCell+ConfigureCell.h"; sourceTree = "<group>"; };
		5CE3B86C1ACCA27A00A1D099 /* HSCatalogTableViewCell+ConfigureCell.m */ = {isa = PBXFileReference; fileEncoding = 4; lastKnownFileType = sourcecode.c.objc; path = "HSCatalogTableViewCell+ConfigureCell.m"; sourceTree = "<group>"; };
		5CE3B86F1ACCA2D700A1D099 /* CatalogItem.h */ = {isa = PBXFileReference; fileEncoding = 4; lastKnownFileType = sourcecode.c.h; path = CatalogItem.h; sourceTree = "<group>"; };
		5CE3B8701ACCA2D700A1D099 /* CatalogItem.m */ = {isa = PBXFileReference; fileEncoding = 4; lastKnownFileType = sourcecode.c.objc; path = CatalogItem.m; sourceTree = "<group>"; };
		5CE3B8781ACCA54900A1D099 /* DetailViewController.h */ = {isa = PBXFileReference; fileEncoding = 4; lastKnownFileType = sourcecode.c.h; path = DetailViewController.h; sourceTree = "<group>"; };
		5CE3B8791ACCA54900A1D099 /* DetailViewController.m */ = {isa = PBXFileReference; fileEncoding = 4; lastKnownFileType = sourcecode.c.objc; path = DetailViewController.m; sourceTree = "<group>"; };
		5CE3B87B1ACCA96600A1D099 /* Store.h */ = {isa = PBXFileReference; fileEncoding = 4; lastKnownFileType = sourcecode.c.h; path = Store.h; sourceTree = "<group>"; };
		5CE3B87C1ACCA96600A1D099 /* Store.m */ = {isa = PBXFileReference; fileEncoding = 4; lastKnownFileType = sourcecode.c.objc; path = Store.m; sourceTree = "<group>"; };
		5CE3B8831ACCB76600A1D099 /* AFHTTPRequestOperation.h */ = {isa = PBXFileReference; fileEncoding = 4; lastKnownFileType = sourcecode.c.h; path = AFHTTPRequestOperation.h; sourceTree = "<group>"; };
		5CE3B8841ACCB76600A1D099 /* AFHTTPRequestOperation.m */ = {isa = PBXFileReference; fileEncoding = 4; lastKnownFileType = sourcecode.c.objc; path = AFHTTPRequestOperation.m; sourceTree = "<group>"; };
		5CE3B8851ACCB76600A1D099 /* AFHTTPRequestOperationManager.h */ = {isa = PBXFileReference; fileEncoding = 4; lastKnownFileType = sourcecode.c.h; path = AFHTTPRequestOperationManager.h; sourceTree = "<group>"; };
		5CE3B8861ACCB76600A1D099 /* AFHTTPRequestOperationManager.m */ = {isa = PBXFileReference; fileEncoding = 4; lastKnownFileType = sourcecode.c.objc; path = AFHTTPRequestOperationManager.m; sourceTree = "<group>"; };
		5CE3B8871ACCB76600A1D099 /* AFHTTPSessionManager.h */ = {isa = PBXFileReference; fileEncoding = 4; lastKnownFileType = sourcecode.c.h; path = AFHTTPSessionManager.h; sourceTree = "<group>"; };
		5CE3B8881ACCB76600A1D099 /* AFHTTPSessionManager.m */ = {isa = PBXFileReference; fileEncoding = 4; lastKnownFileType = sourcecode.c.objc; path = AFHTTPSessionManager.m; sourceTree = "<group>"; };
		5CE3B8891ACCB76600A1D099 /* AFNetworking.h */ = {isa = PBXFileReference; fileEncoding = 4; lastKnownFileType = sourcecode.c.h; path = AFNetworking.h; sourceTree = "<group>"; };
		5CE3B88A1ACCB76600A1D099 /* AFNetworkReachabilityManager.h */ = {isa = PBXFileReference; fileEncoding = 4; lastKnownFileType = sourcecode.c.h; path = AFNetworkReachabilityManager.h; sourceTree = "<group>"; };
		5CE3B88B1ACCB76600A1D099 /* AFNetworkReachabilityManager.m */ = {isa = PBXFileReference; fileEncoding = 4; lastKnownFileType = sourcecode.c.objc; path = AFNetworkReachabilityManager.m; sourceTree = "<group>"; };
		5CE3B88C1ACCB76600A1D099 /* AFSecurityPolicy.h */ = {isa = PBXFileReference; fileEncoding = 4; lastKnownFileType = sourcecode.c.h; path = AFSecurityPolicy.h; sourceTree = "<group>"; };
		5CE3B88D1ACCB76600A1D099 /* AFSecurityPolicy.m */ = {isa = PBXFileReference; fileEncoding = 4; lastKnownFileType = sourcecode.c.objc; path = AFSecurityPolicy.m; sourceTree = "<group>"; };
		5CE3B88E1ACCB76600A1D099 /* AFURLConnectionOperation.h */ = {isa = PBXFileReference; fileEncoding = 4; lastKnownFileType = sourcecode.c.h; path = AFURLConnectionOperation.h; sourceTree = "<group>"; };
		5CE3B88F1ACCB76600A1D099 /* AFURLConnectionOperation.m */ = {isa = PBXFileReference; fileEncoding = 4; lastKnownFileType = sourcecode.c.objc; path = AFURLConnectionOperation.m; sourceTree = "<group>"; };
		5CE3B8901ACCB76600A1D099 /* AFURLRequestSerialization.h */ = {isa = PBXFileReference; fileEncoding = 4; lastKnownFileType = sourcecode.c.h; path = AFURLRequestSerialization.h; sourceTree = "<group>"; };
		5CE3B8911ACCB76600A1D099 /* AFURLRequestSerialization.m */ = {isa = PBXFileReference; fileEncoding = 4; lastKnownFileType = sourcecode.c.objc; path = AFURLRequestSerialization.m; sourceTree = "<group>"; };
		5CE3B8921ACCB76600A1D099 /* AFURLResponseSerialization.h */ = {isa = PBXFileReference; fileEncoding = 4; lastKnownFileType = sourcecode.c.h; path = AFURLResponseSerialization.h; sourceTree = "<group>"; };
		5CE3B8931ACCB76600A1D099 /* AFURLResponseSerialization.m */ = {isa = PBXFileReference; fileEncoding = 4; lastKnownFileType = sourcecode.c.objc; path = AFURLResponseSerialization.m; sourceTree = "<group>"; };
		5CE3B8941ACCB76600A1D099 /* AFURLSessionManager.h */ = {isa = PBXFileReference; fileEncoding = 4; lastKnownFileType = sourcecode.c.h; path = AFURLSessionManager.h; sourceTree = "<group>"; };
		5CE3B8951ACCB76600A1D099 /* AFURLSessionManager.m */ = {isa = PBXFileReference; fileEncoding = 4; lastKnownFileType = sourcecode.c.objc; path = AFURLSessionManager.m; sourceTree = "<group>"; };
		5CE3B8971ACCB76600A1D099 /* AFNetworkActivityIndicatorManager.h */ = {isa = PBXFileReference; fileEncoding = 4; lastKnownFileType = sourcecode.c.h; path = AFNetworkActivityIndicatorManager.h; sourceTree = "<group>"; };
		5CE3B8981ACCB76600A1D099 /* AFNetworkActivityIndicatorManager.m */ = {isa = PBXFileReference; fileEncoding = 4; lastKnownFileType = sourcecode.c.objc; path = AFNetworkActivityIndicatorManager.m; sourceTree = "<group>"; };
		5CE3B8991ACCB76600A1D099 /* UIActivityIndicatorView+AFNetworking.h */ = {isa = PBXFileReference; fileEncoding = 4; lastKnownFileType = sourcecode.c.h; path = "UIActivityIndicatorView+AFNetworking.h"; sourceTree = "<group>"; };
		5CE3B89A1ACCB76600A1D099 /* UIActivityIndicatorView+AFNetworking.m */ = {isa = PBXFileReference; fileEncoding = 4; lastKnownFileType = sourcecode.c.objc; path = "UIActivityIndicatorView+AFNetworking.m"; sourceTree = "<group>"; };
		5CE3B89B1ACCB76600A1D099 /* UIAlertView+AFNetworking.h */ = {isa = PBXFileReference; fileEncoding = 4; lastKnownFileType = sourcecode.c.h; path = "UIAlertView+AFNetworking.h"; sourceTree = "<group>"; };
		5CE3B89C1ACCB76600A1D099 /* UIAlertView+AFNetworking.m */ = {isa = PBXFileReference; fileEncoding = 4; lastKnownFileType = sourcecode.c.objc; path = "UIAlertView+AFNetworking.m"; sourceTree = "<group>"; };
		5CE3B89D1ACCB76600A1D099 /* UIButton+AFNetworking.h */ = {isa = PBXFileReference; fileEncoding = 4; lastKnownFileType = sourcecode.c.h; path = "UIButton+AFNetworking.h"; sourceTree = "<group>"; };
		5CE3B89E1ACCB76600A1D099 /* UIButton+AFNetworking.m */ = {isa = PBXFileReference; fileEncoding = 4; lastKnownFileType = sourcecode.c.objc; path = "UIButton+AFNetworking.m"; sourceTree = "<group>"; };
		5CE3B89F1ACCB76600A1D099 /* UIImageView+AFNetworking.h */ = {isa = PBXFileReference; fileEncoding = 4; lastKnownFileType = sourcecode.c.h; path = "UIImageView+AFNetworking.h"; sourceTree = "<group>"; };
		5CE3B8A01ACCB76600A1D099 /* UIImageView+AFNetworking.m */ = {isa = PBXFileReference; fileEncoding = 4; lastKnownFileType = sourcecode.c.objc; path = "UIImageView+AFNetworking.m"; sourceTree = "<group>"; };
		5CE3B8A11ACCB76600A1D099 /* UIKit+AFNetworking.h */ = {isa = PBXFileReference; fileEncoding = 4; lastKnownFileType = sourcecode.c.h; path = "UIKit+AFNetworking.h"; sourceTree = "<group>"; };
		5CE3B8A21ACCB76600A1D099 /* UIProgressView+AFNetworking.h */ = {isa = PBXFileReference; fileEncoding = 4; lastKnownFileType = sourcecode.c.h; path = "UIProgressView+AFNetworking.h"; sourceTree = "<group>"; };
		5CE3B8A31ACCB76600A1D099 /* UIProgressView+AFNetworking.m */ = {isa = PBXFileReference; fileEncoding = 4; lastKnownFileType = sourcecode.c.objc; path = "UIProgressView+AFNetworking.m"; sourceTree = "<group>"; };
		5CE3B8A41ACCB76600A1D099 /* UIRefreshControl+AFNetworking.h */ = {isa = PBXFileReference; fileEncoding = 4; lastKnownFileType = sourcecode.c.h; path = "UIRefreshControl+AFNetworking.h"; sourceTree = "<group>"; };
		5CE3B8A51ACCB76600A1D099 /* UIRefreshControl+AFNetworking.m */ = {isa = PBXFileReference; fileEncoding = 4; lastKnownFileType = sourcecode.c.objc; path = "UIRefreshControl+AFNetworking.m"; sourceTree = "<group>"; };
		5CE3B8A61ACCB76600A1D099 /* UIWebView+AFNetworking.h */ = {isa = PBXFileReference; fileEncoding = 4; lastKnownFileType = sourcecode.c.h; path = "UIWebView+AFNetworking.h"; sourceTree = "<group>"; };
		5CE3B8A71ACCB76600A1D099 /* UIWebView+AFNetworking.m */ = {isa = PBXFileReference; fileEncoding = 4; lastKnownFileType = sourcecode.c.objc; path = "UIWebView+AFNetworking.m"; sourceTree = "<group>"; };
/* End PBXFileReference section */

/* Begin PBXFrameworksBuildPhase section */
		5CE3B7361ACBA2FA00A1D099 /* Frameworks */ = {
			isa = PBXFrameworksBuildPhase;
			buildActionMask = 2147483647;
			files = (
			);
			runOnlyForDeploymentPostprocessing = 0;
		};
		5CE3B74F1ACBA2FA00A1D099 /* Frameworks */ = {
			isa = PBXFrameworksBuildPhase;
			buildActionMask = 2147483647;
			files = (
			);
			runOnlyForDeploymentPostprocessing = 0;
		};
/* End PBXFrameworksBuildPhase section */

/* Begin PBXGroup section */
		5CE3B7301ACBA2FA00A1D099 = {
			isa = PBXGroup;
			children = (
				5CE3B73B1ACBA2FA00A1D099 /* SalidoInterviewQuestion */,
				5CE3B7551ACBA2FA00A1D099 /* SalidoInterviewQuestionTests */,
				5CE3B73A1ACBA2FA00A1D099 /* Products */,
			);
			sourceTree = "<group>";
		};
		5CE3B73A1ACBA2FA00A1D099 /* Products */ = {
			isa = PBXGroup;
			children = (
				5CE3B7391ACBA2FA00A1D099 /* SalidoInterviewQuestion.app */,
				5CE3B7521ACBA2FA00A1D099 /* SalidoInterviewQuestionTests.xctest */,
			);
			name = Products;
			sourceTree = "<group>";
		};
		5CE3B73B1ACBA2FA00A1D099 /* SalidoInterviewQuestion */ = {
			isa = PBXGroup;
			children = (
				5CE3B8BA1ACCB82D00A1D099 /* MVC */,
				5CE3B8741ACCA30800A1D099 /* Storyboards */,
				5CE3B8731ACCA30100A1D099 /* Main */,
				5CE3B8771ACCA34900A1D099 /* Delegates */,
				5CE3B8B91ACCB80B00A1D099 /* DataSource */,
				5CE3B8761ACCA33900A1D099 /* Category */,
				5CE3B73C1ACBA2FA00A1D099 /* Supporting Files */,
			);
			path = SalidoInterviewQuestion;
			sourceTree = "<group>";
		};
		5CE3B73C1ACBA2FA00A1D099 /* Supporting Files */ = {
			isa = PBXGroup;
			children = (
				5CE3B8801ACCB75A00A1D099 /* Addtional Libs */,
				5CE3B73D1ACBA2FA00A1D099 /* Info.plist */,
				5CE3B73E1ACBA2FA00A1D099 /* main.m */,
			);
			name = "Supporting Files";
			sourceTree = "<group>";
		};
		5CE3B7551ACBA2FA00A1D099 /* SalidoInterviewQuestionTests */ = {
			isa = PBXGroup;
			children = (
				5CE3B7581ACBA2FA00A1D099 /* SalidoInterviewQuestionTests.m */,
				5CE3B7561ACBA2FA00A1D099 /* Supporting Files */,
			);
			path = SalidoInterviewQuestionTests;
			sourceTree = "<group>";
		};
		5CE3B7561ACBA2FA00A1D099 /* Supporting Files */ = {
			isa = PBXGroup;
			children = (
				5CE3B7571ACBA2FA00A1D099 /* Info.plist */,
			);
			name = "Supporting Files";
			sourceTree = "<group>";
		};
		5CE3B86E1ACCA2BD00A1D099 /* Model */ = {
			isa = PBXGroup;
			children = (
				5CE3B86F1ACCA2D700A1D099 /* CatalogItem.h */,
				5CE3B8701ACCA2D700A1D099 /* CatalogItem.m */,
				5CE3B87B1ACCA96600A1D099 /* Store.h */,
				5CE3B87C1ACCA96600A1D099 /* Store.m */,
			);
			name = Model;
			sourceTree = "<group>";
		};
		5CE3B8721ACCA2F500A1D099 /* Controller */ = {
			isa = PBXGroup;
			children = (
			);
			name = Controller;
			sourceTree = "<group>";
		};
		5CE3B8731ACCA30100A1D099 /* Main */ = {
			isa = PBXGroup;
			children = (
				5CE3B7401ACBA2FA00A1D099 /* AppDelegate.h */,
				5CE3B7411ACBA2FA00A1D099 /* AppDelegate.m */,
			);
			name = Main;
			sourceTree = "<group>";
		};
		5CE3B8741ACCA30800A1D099 /* Storyboards */ = {
			isa = PBXGroup;
			children = (
				5CE3B7461ACBA2FA00A1D099 /* Main.storyboard */,
				5CE3B7491ACBA2FA00A1D099 /* Images.xcassets */,
				5CE3B74B1ACBA2FA00A1D099 /* LaunchScreen.xib */,
			);
			name = Storyboards;
			sourceTree = "<group>";
		};
		5CE3B8751ACCA32300A1D099 /* View */ = {
			isa = PBXGroup;
			children = (
			);
			name = View;
			sourceTree = "<group>";
		};
		5CE3B8761ACCA33900A1D099 /* Category */ = {
			isa = PBXGroup;
			children = (
				5CE3B86B1ACCA27A00A1D099 /* HSCatalogTableViewCell+ConfigureCell.h */,
				5CE3B86C1ACCA27A00A1D099 /* HSCatalogTableViewCell+ConfigureCell.m */,
			);
			name = Category;
			sourceTree = "<group>";
		};
		5CE3B8771ACCA34900A1D099 /* Delegates */ = {
			isa = PBXGroup;
			children = (
				5CE3B8651ACCA1A600A1D099 /* HSTableViewDelegate.h */,
				5CE3B8661ACCA1A600A1D099 /* HSTableViewDelegate.m */,
			);
			name = Delegates;
			sourceTree = "<group>";
		};
		5CE3B8801ACCB75A00A1D099 /* Addtional Libs */ = {
			isa = PBXGroup;
			children = (
				5CE3B8811ACCB76600A1D099 /* AFNetworking */,
			);
			name = "Addtional Libs";
			sourceTree = "<group>";
		};
		5CE3B8811ACCB76600A1D099 /* AFNetworking */ = {
			isa = PBXGroup;
			children = (
				5CE3B8821ACCB76600A1D099 /* AFNetworking */,
				5CE3B8961ACCB76600A1D099 /* UIKit+AFNetworking */,
			);
			path = AFNetworking;
			sourceTree = SOURCE_ROOT;
		};
		5CE3B8821ACCB76600A1D099 /* AFNetworking */ = {
			isa = PBXGroup;
			children = (
				5CE3B8831ACCB76600A1D099 /* AFHTTPRequestOperation.h */,
				5CE3B8841ACCB76600A1D099 /* AFHTTPRequestOperation.m */,
				5CE3B8851ACCB76600A1D099 /* AFHTTPRequestOperationManager.h */,
				5CE3B8861ACCB76600A1D099 /* AFHTTPRequestOperationManager.m */,
				5CE3B8871ACCB76600A1D099 /* AFHTTPSessionManager.h */,
				5CE3B8881ACCB76600A1D099 /* AFHTTPSessionManager.m */,
				5CE3B8891ACCB76600A1D099 /* AFNetworking.h */,
				5CE3B88A1ACCB76600A1D099 /* AFNetworkReachabilityManager.h */,
				5CE3B88B1ACCB76600A1D099 /* AFNetworkReachabilityManager.m */,
				5CE3B88C1ACCB76600A1D099 /* AFSecurityPolicy.h */,
				5CE3B88D1ACCB76600A1D099 /* AFSecurityPolicy.m */,
				5CE3B88E1ACCB76600A1D099 /* AFURLConnectionOperation.h */,
				5CE3B88F1ACCB76600A1D099 /* AFURLConnectionOperation.m */,
				5CE3B8901ACCB76600A1D099 /* AFURLRequestSerialization.h */,
				5CE3B8911ACCB76600A1D099 /* AFURLRequestSerialization.m */,
				5CE3B8921ACCB76600A1D099 /* AFURLResponseSerialization.h */,
				5CE3B8931ACCB76600A1D099 /* AFURLResponseSerialization.m */,
				5CE3B8941ACCB76600A1D099 /* AFURLSessionManager.h */,
				5CE3B8951ACCB76600A1D099 /* AFURLSessionManager.m */,
			);
			path = AFNetworking;
			sourceTree = "<group>";
		};
		5CE3B8961ACCB76600A1D099 /* UIKit+AFNetworking */ = {
			isa = PBXGroup;
			children = (
				5CE3B8971ACCB76600A1D099 /* AFNetworkActivityIndicatorManager.h */,
				5CE3B8981ACCB76600A1D099 /* AFNetworkActivityIndicatorManager.m */,
				5CE3B8991ACCB76600A1D099 /* UIActivityIndicatorView+AFNetworking.h */,
				5CE3B89A1ACCB76600A1D099 /* UIActivityIndicatorView+AFNetworking.m */,
				5CE3B89B1ACCB76600A1D099 /* UIAlertView+AFNetworking.h */,
				5CE3B89C1ACCB76600A1D099 /* UIAlertView+AFNetworking.m */,
				5CE3B89D1ACCB76600A1D099 /* UIButton+AFNetworking.h */,
				5CE3B89E1ACCB76600A1D099 /* UIButton+AFNetworking.m */,
				5CE3B89F1ACCB76600A1D099 /* UIImageView+AFNetworking.h */,
				5CE3B8A01ACCB76600A1D099 /* UIImageView+AFNetworking.m */,
				5CE3B8A11ACCB76600A1D099 /* UIKit+AFNetworking.h */,
				5CE3B8A21ACCB76600A1D099 /* UIProgressView+AFNetworking.h */,
				5CE3B8A31ACCB76600A1D099 /* UIProgressView+AFNetworking.m */,
				5CE3B8A41ACCB76600A1D099 /* UIRefreshControl+AFNetworking.h */,
				5CE3B8A51ACCB76600A1D099 /* UIRefreshControl+AFNetworking.m */,
				5CE3B8A61ACCB76600A1D099 /* UIWebView+AFNetworking.h */,
				5CE3B8A71ACCB76600A1D099 /* UIWebView+AFNetworking.m */,
			);
			path = "UIKit+AFNetworking";
			sourceTree = "<group>";
		};
		5CE3B8B91ACCB80B00A1D099 /* DataSource */ = {
			isa = PBXGroup;
			children = (
				5CE3B7621ACBAAD800A1D099 /* HSCatalogDataSource.h */,
				5CE3B7631ACBAAD800A1D099 /* HSCatalogDataSource.m */,
			);
			name = DataSource;
			sourceTree = "<group>";
		};
		5CE3B8BA1ACCB82D00A1D099 /* MVC */ = {
			isa = PBXGroup;
			children = (
				5CE3B86E1ACCA2BD00A1D099 /* Model */,
				5CE3B8751ACCA32300A1D099 /* View */,
				5CE3B8681ACCA25500A1D099 /* HSCatalogTableViewCell.h */,
				5CE3B8691ACCA25500A1D099 /* HSCatalogTableViewCell.m */,
				5CE3B8721ACCA2F500A1D099 /* Controller */,
				5CE3B7431ACBA2FA00A1D099 /* HSCatalogTableViewController.h */,
				5CE3B7441ACBA2FA00A1D099 /* HSCatalogTableViewController.m */,
				5CE3B8781ACCA54900A1D099 /* DetailViewController.h */,
				5CE3B8791ACCA54900A1D099 /* DetailViewController.m */,
			);
			name = MVC;
			sourceTree = "<group>";
		};
/* End PBXGroup section */

/* Begin PBXNativeTarget section */
		5CE3B7381ACBA2FA00A1D099 /* SalidoInterviewQuestion */ = {
			isa = PBXNativeTarget;
			buildConfigurationList = 5CE3B75C1ACBA2FA00A1D099 /* Build configuration list for PBXNativeTarget "SalidoInterviewQuestion" */;
			buildPhases = (
				5CE3B7351ACBA2FA00A1D099 /* Sources */,
				5CE3B7361ACBA2FA00A1D099 /* Frameworks */,
				5CE3B7371ACBA2FA00A1D099 /* Resources */,
			);
			buildRules = (
			);
			dependencies = (
			);
			name = SalidoInterviewQuestion;
			productName = SalidoInterviewQuestion;
			productReference = 5CE3B7391ACBA2FA00A1D099 /* SalidoInterviewQuestion.app */;
			productType = "com.apple.product-type.application";
		};
		5CE3B7511ACBA2FA00A1D099 /* SalidoInterviewQuestionTests */ = {
			isa = PBXNativeTarget;
			buildConfigurationList = 5CE3B75F1ACBA2FA00A1D099 /* Build configuration list for PBXNativeTarget "SalidoInterviewQuestionTests" */;
			buildPhases = (
				5CE3B74E1ACBA2FA00A1D099 /* Sources */,
				5CE3B74F1ACBA2FA00A1D099 /* Frameworks */,
				5CE3B7501ACBA2FA00A1D099 /* Resources */,
			);
			buildRules = (
			);
			dependencies = (
				5CE3B7541ACBA2FA00A1D099 /* PBXTargetDependency */,
			);
			name = SalidoInterviewQuestionTests;
			productName = SalidoInterviewQuestionTests;
			productReference = 5CE3B7521ACBA2FA00A1D099 /* SalidoInterviewQuestionTests.xctest */;
			productType = "com.apple.product-type.bundle.unit-test";
		};
/* End PBXNativeTarget section */

/* Begin PBXProject section */
		5CE3B7311ACBA2FA00A1D099 /* Project object */ = {
			isa = PBXProject;
			attributes = {
				LastUpgradeCheck = 0610;
				ORGANIZATIONNAME = "Henry Savit";
				TargetAttributes = {
					5CE3B7381ACBA2FA00A1D099 = {
						CreatedOnToolsVersion = 6.1.1;
					};
					5CE3B7511ACBA2FA00A1D099 = {
						CreatedOnToolsVersion = 6.1.1;
						TestTargetID = 5CE3B7381ACBA2FA00A1D099;
					};
				};
			};
			buildConfigurationList = 5CE3B7341ACBA2FA00A1D099 /* Build configuration list for PBXProject "SalidoInterviewQuestion" */;
			compatibilityVersion = "Xcode 3.2";
			developmentRegion = English;
			hasScannedForEncodings = 0;
			knownRegions = (
				en,
				Base,
			);
			mainGroup = 5CE3B7301ACBA2FA00A1D099;
			productRefGroup = 5CE3B73A1ACBA2FA00A1D099 /* Products */;
			projectDirPath = "";
			projectRoot = "";
			targets = (
				5CE3B7381ACBA2FA00A1D099 /* SalidoInterviewQuestion */,
				5CE3B7511ACBA2FA00A1D099 /* SalidoInterviewQuestionTests */,
			);
		};
/* End PBXProject section */

/* Begin PBXResourcesBuildPhase section */
		5CE3B7371ACBA2FA00A1D099 /* Resources */ = {
			isa = PBXResourcesBuildPhase;
			buildActionMask = 2147483647;
			files = (
				5CE3B7481ACBA2FA00A1D099 /* Main.storyboard in Resources */,
				5CE3B74D1ACBA2FA00A1D099 /* LaunchScreen.xib in Resources */,
				5CE3B74A1ACBA2FA00A1D099 /* Images.xcassets in Resources */,
			);
			runOnlyForDeploymentPostprocessing = 0;
		};
		5CE3B7501ACBA2FA00A1D099 /* Resources */ = {
			isa = PBXResourcesBuildPhase;
			buildActionMask = 2147483647;
			files = (
			);
			runOnlyForDeploymentPostprocessing = 0;
		};
/* End PBXResourcesBuildPhase section */

/* Begin PBXSourcesBuildPhase section */
		5CE3B7351ACBA2FA00A1D099 /* Sources */ = {
			isa = PBXSourcesBuildPhase;
			buildActionMask = 2147483647;
			files = (
				5CE3B8AD1ACCB76600A1D099 /* AFURLConnectionOperation.m in Sources */,
				5CE3B86D1ACCA27A00A1D099 /* HSCatalogTableViewCell+ConfigureCell.m in Sources */,
				5CE3B8AC1ACCB76600A1D099 /* AFSecurityPolicy.m in Sources */,
				5CE3B87A1ACCA54900A1D099 /* DetailViewController.m in Sources */,
				5CE3B8B61ACCB76600A1D099 /* UIProgressView+AFNetworking.m in Sources */,
				5CE3B8B31ACCB76600A1D099 /* UIAlertView+AFNetworking.m in Sources */,
				5CE3B8B11ACCB76600A1D099 /* AFNetworkActivityIndicatorManager.m in Sources */,
				5CE3B8A91ACCB76600A1D099 /* AFHTTPRequestOperationManager.m in Sources */,
				5CE3B8B41ACCB76600A1D099 /* UIButton+AFNetworking.m in Sources */,
				5CE3B8B21ACCB76600A1D099 /* UIActivityIndicatorView+AFNetworking.m in Sources */,
				5CE3B8671ACCA1A600A1D099 /* HSTableViewDelegate.m in Sources */,
				5CE3B8B81ACCB76600A1D099 /* UIWebView+AFNetworking.m in Sources */,
				5CE3B86A1ACCA25500A1D099 /* HSCatalogTableViewCell.m in Sources */,
				5CE3B7641ACBAAD800A1D099 /* HSCatalogDataSource.m in Sources */,
				5CE3B7451ACBA2FA00A1D099 /* HSCatalogTableViewController.m in Sources */,
				5CE3B87D1ACCA96600A1D099 /* Store.m in Sources */,
				5CE3B8B01ACCB76600A1D099 /* AFURLSessionManager.m in Sources */,
				5CE3B8AF1ACCB76600A1D099 /* AFURLResponseSerialization.m in Sources */,
				5CE3B7421ACBA2FA00A1D099 /* AppDelegate.m in Sources */,
				5CE3B73F1ACBA2FA00A1D099 /* main.m in Sources */,
				5CE3B8AE1ACCB76600A1D099 /* AFURLRequestSerialization.m in Sources */,
				5CE3B8B71ACCB76600A1D099 /* UIRefreshControl+AFNetworking.m in Sources */,
				5CE3B8B51ACCB76600A1D099 /* UIImageView+AFNetworking.m in Sources */,
				5CE3B8AB1ACCB76600A1D099 /* AFNetworkReachabilityManager.m in Sources */,
				5CE3B8711ACCA2D700A1D099 /* CatalogItem.m in Sources */,
				5CE3B8A81ACCB76600A1D099 /* AFHTTPRequestOperation.m in Sources */,
				5CE3B8AA1ACCB76600A1D099 /* AFHTTPSessionManager.m in Sources */,
			);
			runOnlyForDeploymentPostprocessing = 0;
		};
		5CE3B74E1ACBA2FA00A1D099 /* Sources */ = {
			isa = PBXSourcesBuildPhase;
			buildActionMask = 2147483647;
			files = (
				5CE3B7591ACBA2FA00A1D099 /* SalidoInterviewQuestionTests.m in Sources */,
			);
			runOnlyForDeploymentPostprocessing = 0;
		};
/* End PBXSourcesBuildPhase section */

/* Begin PBXTargetDependency section */
		5CE3B7541ACBA2FA00A1D099 /* PBXTargetDependency */ = {
			isa = PBXTargetDependency;
			target = 5CE3B7381ACBA2FA00A1D099 /* SalidoInterviewQuestion */;
			targetProxy = 5CE3B7531ACBA2FA00A1D099 /* PBXContainerItemProxy */;
		};
/* End PBXTargetDependency section */

/* Begin PBXVariantGroup section */
		5CE3B7461ACBA2FA00A1D099 /* Main.storyboard */ = {
			isa = PBXVariantGroup;
			children = (
				5CE3B7471ACBA2FA00A1D099 /* Base */,
			);
			name = Main.storyboard;
			sourceTree = "<group>";
		};
		5CE3B74B1ACBA2FA00A1D099 /* LaunchScreen.xib */ = {
			isa = PBXVariantGroup;
			children = (
				5CE3B74C1ACBA2FA00A1D099 /* Base */,
			);
			name = LaunchScreen.xib;
			sourceTree = "<group>";
		};
/* End PBXVariantGroup section */

/* Begin XCBuildConfiguration section */
		5CE3B75A1ACBA2FA00A1D099 /* Debug */ = {
			isa = XCBuildConfiguration;
			buildSettings = {
				ALWAYS_SEARCH_USER_PATHS = NO;
				CLANG_CXX_LANGUAGE_STANDARD = "gnu++0x";
				CLANG_CXX_LIBRARY = "libc++";
				CLANG_ENABLE_MODULES = YES;
				CLANG_ENABLE_OBJC_ARC = YES;
				CLANG_WARN_BOOL_CONVERSION = YES;
				CLANG_WARN_CONSTANT_CONVERSION = YES;
				CLANG_WARN_DIRECT_OBJC_ISA_USAGE = YES_ERROR;
				CLANG_WARN_EMPTY_BODY = YES;
				CLANG_WARN_ENUM_CONVERSION = YES;
				CLANG_WARN_INT_CONVERSION = YES;
				CLANG_WARN_OBJC_ROOT_CLASS = YES_ERROR;
				CLANG_WARN_UNREACHABLE_CODE = YES;
				CLANG_WARN__DUPLICATE_METHOD_MATCH = YES;
				"CODE_SIGN_IDENTITY[sdk=iphoneos*]" = "iPhone Developer";
				COPY_PHASE_STRIP = NO;
				ENABLE_STRICT_OBJC_MSGSEND = YES;
				GCC_C_LANGUAGE_STANDARD = gnu99;
				GCC_DYNAMIC_NO_PIC = NO;
				GCC_OPTIMIZATION_LEVEL = 0;
				GCC_PREPROCESSOR_DEFINITIONS = (
					"DEBUG=1",
					"$(inherited)",
				);
				GCC_SYMBOLS_PRIVATE_EXTERN = NO;
				GCC_WARN_64_TO_32_BIT_CONVERSION = YES;
				GCC_WARN_ABOUT_RETURN_TYPE = YES_ERROR;
				GCC_WARN_UNDECLARED_SELECTOR = YES;
				GCC_WARN_UNINITIALIZED_AUTOS = YES_AGGRESSIVE;
				GCC_WARN_UNUSED_FUNCTION = YES;
				GCC_WARN_UNUSED_VARIABLE = YES;
				IPHONEOS_DEPLOYMENT_TARGET = 8.1;
				MTL_ENABLE_DEBUG_INFO = YES;
				ONLY_ACTIVE_ARCH = YES;
				SDKROOT = iphoneos;
			};
			name = Debug;
		};
		5CE3B75B1ACBA2FA00A1D099 /* Release */ = {
			isa = XCBuildConfiguration;
			buildSettings = {
				ALWAYS_SEARCH_USER_PATHS = NO;
				CLANG_CXX_LANGUAGE_STANDARD = "gnu++0x";
				CLANG_CXX_LIBRARY = "libc++";
				CLANG_ENABLE_MODULES = YES;
				CLANG_ENABLE_OBJC_ARC = YES;
				CLANG_WARN_BOOL_CONVERSION = YES;
				CLANG_WARN_CONSTANT_CONVERSION = YES;
				CLANG_WARN_DIRECT_OBJC_ISA_USAGE = YES_ERROR;
				CLANG_WARN_EMPTY_BODY = YES;
				CLANG_WARN_ENUM_CONVERSION = YES;
				CLANG_WARN_INT_CONVERSION = YES;
				CLANG_WARN_OBJC_ROOT_CLASS = YES_ERROR;
				CLANG_WARN_UNREACHABLE_CODE = YES;
				CLANG_WARN__DUPLICATE_METHOD_MATCH = YES;
				"CODE_SIGN_IDENTITY[sdk=iphoneos*]" = "iPhone Developer";
				COPY_PHASE_STRIP = YES;
				ENABLE_NS_ASSERTIONS = NO;
				ENABLE_STRICT_OBJC_MSGSEND = YES;
				GCC_C_LANGUAGE_STANDARD = gnu99;
				GCC_WARN_64_TO_32_BIT_CONVERSION = YES;
				GCC_WARN_ABOUT_RETURN_TYPE = YES_ERROR;
				GCC_WARN_UNDECLARED_SELECTOR = YES;
				GCC_WARN_UNINITIALIZED_AUTOS = YES_AGGRESSIVE;
				GCC_WARN_UNUSED_FUNCTION = YES;
				GCC_WARN_UNUSED_VARIABLE = YES;
				IPHONEOS_DEPLOYMENT_TARGET = 8.1;
				MTL_ENABLE_DEBUG_INFO = NO;
				SDKROOT = iphoneos;
				VALIDATE_PRODUCT = YES;
			};
			name = Release;
		};
		5CE3B75D1ACBA2FA00A1D099 /* Debug */ = {
			isa = XCBuildConfiguration;
			buildSettings = {
				ASSETCATALOG_COMPILER_APPICON_NAME = AppIcon;
				INFOPLIST_FILE = SalidoInterviewQuestion/Info.plist;
				LD_RUNPATH_SEARCH_PATHS = "$(inherited) @executable_path/Frameworks";
				PRODUCT_NAME = "$(TARGET_NAME)";
			};
			name = Debug;
		};
		5CE3B75E1ACBA2FA00A1D099 /* Release */ = {
			isa = XCBuildConfiguration;
			buildSettings = {
				ASSETCATALOG_COMPILER_APPICON_NAME = AppIcon;
				INFOPLIST_FILE = SalidoInterviewQuestion/Info.plist;
				LD_RUNPATH_SEARCH_PATHS = "$(inherited) @executable_path/Frameworks";
				PRODUCT_NAME = "$(TARGET_NAME)";
			};
			name = Release;
		};
		5CE3B7601ACBA2FA00A1D099 /* Debug */ = {
			isa = XCBuildConfiguration;
			buildSettings = {
				BUNDLE_LOADER = "$(TEST_HOST)";
				FRAMEWORK_SEARCH_PATHS = (
					"$(SDKROOT)/Developer/Library/Frameworks",
					"$(inherited)",
				);
				GCC_PREPROCESSOR_DEFINITIONS = (
					"DEBUG=1",
					"$(inherited)",
				);
				INFOPLIST_FILE = SalidoInterviewQuestionTests/Info.plist;
				LD_RUNPATH_SEARCH_PATHS = "$(inherited) @executable_path/Frameworks @loader_path/Frameworks";
				PRODUCT_NAME = "$(TARGET_NAME)";
				TEST_HOST = "$(BUILT_PRODUCTS_DIR)/SalidoInterviewQuestion.app/SalidoInterviewQuestion";
			};
			name = Debug;
		};
		5CE3B7611ACBA2FA00A1D099 /* Release */ = {
			isa = XCBuildConfiguration;
			buildSettings = {
				BUNDLE_LOADER = "$(TEST_HOST)";
				FRAMEWORK_SEARCH_PATHS = (
					"$(SDKROOT)/Developer/Library/Frameworks",
					"$(inherited)",
				);
				INFOPLIST_FILE = SalidoInterviewQuestionTests/Info.plist;
				LD_RUNPATH_SEARCH_PATHS = "$(inherited) @executable_path/Frameworks @loader_path/Frameworks";
				PRODUCT_NAME = "$(TARGET_NAME)";
				TEST_HOST = "$(BUILT_PRODUCTS_DIR)/SalidoInterviewQuestion.app/SalidoInterviewQuestion";
			};
			name = Release;
		};
/* End XCBuildConfiguration section */

/* Begin XCConfigurationList section */
		5CE3B7341ACBA2FA00A1D099 /* Build configuration list for PBXProject "SalidoInterviewQuestion" */ = {
			isa = XCConfigurationList;
			buildConfigurations = (
				5CE3B75A1ACBA2FA00A1D099 /* Debug */,
				5CE3B75B1ACBA2FA00A1D099 /* Release */,
			);
			defaultConfigurationIsVisible = 0;
			defaultConfigurationName = Release;
		};
		5CE3B75C1ACBA2FA00A1D099 /* Build configuration list for PBXNativeTarget "SalidoInterviewQuestion" */ = {
			isa = XCConfigurationList;
			buildConfigurations = (
				5CE3B75D1ACBA2FA00A1D099 /* Debug */,
				5CE3B75E1ACBA2FA00A1D099 /* Release */,
			);
			defaultConfigurationIsVisible = 0;
			defaultConfigurationName = Release;
		};
		5CE3B75F1ACBA2FA00A1D099 /* Build configuration list for PBXNativeTarget "SalidoInterviewQuestionTests" */ = {
			isa = XCConfigurationList;
			buildConfigurations = (
				5CE3B7601ACBA2FA00A1D099 /* Debug */,
				5CE3B7611ACBA2FA00A1D099 /* Release */,
			);
			defaultConfigurationIsVisible = 0;
			defaultConfigurationName = Release;
		};
/* End XCConfigurationList section */
	};
	rootObject = 5CE3B7311ACBA2FA00A1D099 /* Project object */;
}
